
Microsoft Visual Studio Solution File, Format Version 12.00
# Visual Studio Version 16
VisualStudioVersion = 16.0.29728.190
MinimumVisualStudioVersion = 10.0.40219.1
Project("{FAE04EC0-301F-11D3-BF4B-00C04F79EFBC}") = "FunctionAppNew", "FunctionAppNew.csproj", "{6C25EC2A-7EBE-4908-B669-D378BE41196D}"
EndProject
Global
	GlobalSection(SolutionConfigurationPlatforms) = preSolution
		Debug|Any CPU = Debug|Any CPU
		Release|Any CPU = Release|Any CPU
	EndGlobalSection
	GlobalSection(ProjectConfigurationPlatforms) = postSolution
		{6C25EC2A-7EBE-4908-B669-D378BE41196D}.Debug|Any CPU.ActiveCfg = Debug|Any CPU
		{6C25EC2A-7EBE-4908-B669-D378BE41196D}.Debug|Any CPU.Build.0 = Debug|Any CPU
		{6C25EC2A-7EBE-4908-B669-D378BE41196D}.Release|Any CPU.ActiveCfg = Release|Any CPU
		{6C25EC2A-7EBE-4908-B669-D378BE41196D}.Release|Any CPU.Build.0 = Release|Any CPU
	EndGlobalSection
	GlobalSection(SolutionProperties) = preSolution
		HideSolutionNode = FALSE
	EndGlobalSection
	GlobalSection(ExtensibilityGlobals) = postSolution
		SolutionGuid = {9B6C8A8C-362D-427A-8475-26DF55BB6CD5}
	EndGlobalSection
EndGlobal
